
Microsoft Visual Studio Solution File, Format Version 12.00
# Visual Studio Version 17
VisualStudioVersion = 17.5.002.0
MinimumVisualStudioVersion = 10.0.40219.1
Project("{2150E333-8FDC-42A3-9474-1A3956D46DE8}") = "sujan-codes", "sujan-codes", "{8F47AE8F-45FA-4BC9-BAC8-AE62E2B8DFF8}"
EndProject
Project("{9A19103F-16F7-4668-BE54-9A1E7A4F7556}") = "Solution1", "sujan-codes\Solution1\Solution1.csproj", "{EFB0CA07-A8BB-4D2E-A24B-78253766C892}"
EndProject
Project("{9A19103F-16F7-4668-BE54-9A1E7A4F7556}") = "Solution2", "sujan-codes\Solution2\Solution2.csproj", "{1D562132-3843-4F80-A7A4-8C5B6CA4DDA2}"
EndProject
Project("{9A19103F-16F7-4668-BE54-9A1E7A4F7556}") = "Solution3", "sujan-codes\Solution3\Solution3.csproj", "{E7D9C90C-E5BC-4CE3-83A6-C5EA9BDEF9ED}"
EndProject
Global
	GlobalSection(SolutionConfigurationPlatforms) = preSolution
		Debug|Any CPU = Debug|Any CPU
		Release|Any CPU = Release|Any CPU
	EndGlobalSection
	GlobalSection(ProjectConfigurationPlatforms) = postSolution
		{EFB0CA07-A8BB-4D2E-A24B-78253766C892}.Debug|Any CPU.ActiveCfg = Debug|Any CPU
		{EFB0CA07-A8BB-4D2E-A24B-78253766C892}.Debug|Any CPU.Build.0 = Debug|Any CPU
		{EFB0CA07-A8BB-4D2E-A24B-78253766C892}.Release|Any CPU.ActiveCfg = Release|Any CPU
		{EFB0CA07-A8BB-4D2E-A24B-78253766C892}.Release|Any CPU.Build.0 = Release|Any CPU
		{1D562132-3843-4F80-A7A4-8C5B6CA4DDA2}.Debug|Any CPU.ActiveCfg = Debug|Any CPU
		{1D562132-3843-4F80-A7A4-8C5B6CA4DDA2}.Debug|Any CPU.Build.0 = Debug|Any CPU
		{1D562132-3843-4F80-A7A4-8C5B6CA4DDA2}.Release|Any CPU.ActiveCfg = Release|Any CPU
		{1D562132-3843-4F80-A7A4-8C5B6CA4DDA2}.Release|Any CPU.Build.0 = Release|Any CPU
		{E7D9C90C-E5BC-4CE3-83A6-C5EA9BDEF9ED}.Debug|Any CPU.ActiveCfg = Debug|Any CPU
		{E7D9C90C-E5BC-4CE3-83A6-C5EA9BDEF9ED}.Debug|Any CPU.Build.0 = Debug|Any CPU
		{E7D9C90C-E5BC-4CE3-83A6-C5EA9BDEF9ED}.Release|Any CPU.ActiveCfg = Release|Any CPU
		{E7D9C90C-E5BC-4CE3-83A6-C5EA9BDEF9ED}.Release|Any CPU.Build.0 = Release|Any CPU
	EndGlobalSection
	GlobalSection(SolutionProperties) = preSolution
		HideSolutionNode = FALSE
	EndGlobalSection
	GlobalSection(NestedProjects) = preSolution
		{EFB0CA07-A8BB-4D2E-A24B-78253766C892} = {8F47AE8F-45FA-4BC9-BAC8-AE62E2B8DFF8}
		{1D562132-3843-4F80-A7A4-8C5B6CA4DDA2} = {8F47AE8F-45FA-4BC9-BAC8-AE62E2B8DFF8}
		{E7D9C90C-E5BC-4CE3-83A6-C5EA9BDEF9ED} = {8F47AE8F-45FA-4BC9-BAC8-AE62E2B8DFF8}
	EndGlobalSection
	GlobalSection(ExtensibilityGlobals) = postSolution
		SolutionGuid = {FEF63FEA-F01F-4813-9335-0792B6A076C7}
	EndGlobalSection
EndGlobal
