
Microsoft Visual Studio Solution File, Format Version 12.00
# Visual Studio Version 17
VisualStudioVersion = 17.5.002.0
MinimumVisualStudioVersion = 10.0.40219.1
Project("{2150E333-8FDC-42A3-9474-1A3956D46DE8}") = "sujan-codes", "sujan-codes", "{9B6A7322-EE20-469D-8E64-7CEA47B0FF63}"
EndProject
Project("{9A19103F-16F7-4668-BE54-9A1E7A4F7556}") = "Solution1", "sujan-codes\Solution1\Solution1.csproj", "{14C1B151-0A80-4E65-A05F-E189A5B72D29}"
EndProject
Global
	GlobalSection(SolutionConfigurationPlatforms) = preSolution
		Debug|Any CPU = Debug|Any CPU
		Release|Any CPU = Release|Any CPU
	EndGlobalSection
	GlobalSection(ProjectConfigurationPlatforms) = postSolution
		{14C1B151-0A80-4E65-A05F-E189A5B72D29}.Debug|Any CPU.ActiveCfg = Debug|Any CPU
		{14C1B151-0A80-4E65-A05F-E189A5B72D29}.Debug|Any CPU.Build.0 = Debug|Any CPU
		{14C1B151-0A80-4E65-A05F-E189A5B72D29}.Release|Any CPU.ActiveCfg = Release|Any CPU
		{14C1B151-0A80-4E65-A05F-E189A5B72D29}.Release|Any CPU.Build.0 = Release|Any CPU
	EndGlobalSection
	GlobalSection(SolutionProperties) = preSolution
		HideSolutionNode = FALSE
	EndGlobalSection
	GlobalSection(NestedProjects) = preSolution
		{14C1B151-0A80-4E65-A05F-E189A5B72D29} = {9B6A7322-EE20-469D-8E64-7CEA47B0FF63}
	EndGlobalSection
	GlobalSection(ExtensibilityGlobals) = postSolution
		SolutionGuid = {8A2C8DC8-7143-4B44-8FED-41B03207DF29}
	EndGlobalSection
EndGlobal
