
Microsoft Visual Studio Solution File, Format Version 12.00
# Visual Studio Version 17
VisualStudioVersion = 17.13.35806.99 d17.13
MinimumVisualStudioVersion = 10.0.40219.1
Project("{FAE04EC0-301F-11D3-BF4B-00C04F79EFBC}") = "QRCodeBasedMetroTicketingSystem.Web", "QRCodeBasedMetroTicketingSystem.Web\QRCodeBasedMetroTicketingSystem.Web.csproj", "{3BEAB29C-F674-431E-B76E-D36C005EBCFB}"
EndProject
Global
	GlobalSection(SolutionConfigurationPlatforms) = preSolution
		Debug|Any CPU = Debug|Any CPU
		Release|Any CPU = Release|Any CPU
	EndGlobalSection
	GlobalSection(ProjectConfigurationPlatforms) = postSolution
		{3BEAB29C-F674-431E-B76E-D36C005EBCFB}.Debug|Any CPU.ActiveCfg = Debug|Any CPU
		{3BEAB29C-F674-431E-B76E-D36C005EBCFB}.Debug|Any CPU.Build.0 = Debug|Any CPU
		{3BEAB29C-F674-431E-B76E-D36C005EBCFB}.Release|Any CPU.ActiveCfg = Release|Any CPU
		{3BEAB29C-F674-431E-B76E-D36C005EBCFB}.Release|Any CPU.Build.0 = Release|Any CPU
	EndGlobalSection
	GlobalSection(SolutionProperties) = preSolution
		HideSolutionNode = FALSE
	EndGlobalSection
	GlobalSection(ExtensibilityGlobals) = postSolution
		SolutionGuid = {B4ADAAB8-34EB-4121-839C-D495D53A8C7A}
	EndGlobalSection
EndGlobal
